
Microsoft Visual Studio Solution File, Format Version 12.00
# Visual Studio Version 17
VisualStudioVersion = 17.5.002.0
MinimumVisualStudioVersion = 10.0.40219.1
Project("{2150E333-8FDC-42A3-9474-1A3956D46DE8}") = "b0201", "b0201", "{B670FE7C-CAD9-4EA3-90FC-4E4832B48B0C}"
EndProject
Project("{9A19103F-16F7-4668-BE54-9A1E7A4F7556}") = "01_hello-world", "b0201\01_hello-world\01_hello-world.csproj", "{45E2136F-2E5D-464C-8DA9-AEA3DD3472D7}"
EndProject
Project("{FAE04EC0-301F-11D3-BF4B-00C04F79EFBC}") = "02_greater", "b0201\02_greater\02_greater.csproj", "{85E3739A-3A3A-4161-8A33-88DDDE6877DC}"
EndProject
Project("{2150E333-8FDC-42A3-9474-1A3956D46DE8}") = "b0301", "b0301", "{515D943A-2898-48F5-9C20-60B071BEC486}"
EndProject
Project("{FAE04EC0-301F-11D3-BF4B-00C04F79EFBC}") = "Reflection", "b0301\Reflection\Reflection.csproj", "{62771F57-0A41-4107-9017-2E75AE1FC185}"
EndProject
Global
	GlobalSection(SolutionConfigurationPlatforms) = preSolution
		Debug|Any CPU = Debug|Any CPU
		Release|Any CPU = Release|Any CPU
	EndGlobalSection
	GlobalSection(ProjectConfigurationPlatforms) = postSolution
		{45E2136F-2E5D-464C-8DA9-AEA3DD3472D7}.Debug|Any CPU.ActiveCfg = Debug|Any CPU
		{45E2136F-2E5D-464C-8DA9-AEA3DD3472D7}.Debug|Any CPU.Build.0 = Debug|Any CPU
		{45E2136F-2E5D-464C-8DA9-AEA3DD3472D7}.Release|Any CPU.ActiveCfg = Release|Any CPU
		{45E2136F-2E5D-464C-8DA9-AEA3DD3472D7}.Release|Any CPU.Build.0 = Release|Any CPU
		{85E3739A-3A3A-4161-8A33-88DDDE6877DC}.Debug|Any CPU.ActiveCfg = Debug|Any CPU
		{85E3739A-3A3A-4161-8A33-88DDDE6877DC}.Debug|Any CPU.Build.0 = Debug|Any CPU
		{85E3739A-3A3A-4161-8A33-88DDDE6877DC}.Release|Any CPU.ActiveCfg = Release|Any CPU
		{85E3739A-3A3A-4161-8A33-88DDDE6877DC}.Release|Any CPU.Build.0 = Release|Any CPU
		{62771F57-0A41-4107-9017-2E75AE1FC185}.Debug|Any CPU.ActiveCfg = Debug|Any CPU
		{62771F57-0A41-4107-9017-2E75AE1FC185}.Debug|Any CPU.Build.0 = Debug|Any CPU
		{62771F57-0A41-4107-9017-2E75AE1FC185}.Release|Any CPU.ActiveCfg = Release|Any CPU
		{62771F57-0A41-4107-9017-2E75AE1FC185}.Release|Any CPU.Build.0 = Release|Any CPU
	EndGlobalSection
	GlobalSection(SolutionProperties) = preSolution
		HideSolutionNode = FALSE
	EndGlobalSection
	GlobalSection(NestedProjects) = preSolution
		{45E2136F-2E5D-464C-8DA9-AEA3DD3472D7} = {B670FE7C-CAD9-4EA3-90FC-4E4832B48B0C}
		{85E3739A-3A3A-4161-8A33-88DDDE6877DC} = {B670FE7C-CAD9-4EA3-90FC-4E4832B48B0C}
		{62771F57-0A41-4107-9017-2E75AE1FC185} = {515D943A-2898-48F5-9C20-60B071BEC486}
	EndGlobalSection
	GlobalSection(ExtensibilityGlobals) = postSolution
		SolutionGuid = {4D0AE71C-4E0A-4E3D-959F-5F60EC1B5B1B}
	EndGlobalSection
EndGlobal
